
Microsoft Visual Studio Solution File, Format Version 12.00
# Visual Studio 15
VisualStudioVersion = 15.0.28307.168
MinimumVisualStudioVersion = 10.0.40219.1
Project("{FAE04EC0-301F-11D3-BF4B-00C04F79EFBC}") = "LoggingAPI", "LoggingAPI\LoggingAPI.csproj", "{8308AEFD-7967-4F78-930C-098B03A4554B}"
EndProject
Global
	GlobalSection(SolutionConfigurationPlatforms) = preSolution
		Debug|Any CPU = Debug|Any CPU
		Release|Any CPU = Release|Any CPU
	EndGlobalSection
	GlobalSection(ProjectConfigurationPlatforms) = postSolution
		{8308AEFD-7967-4F78-930C-098B03A4554B}.Debug|Any CPU.ActiveCfg = Debug|Any CPU
		{8308AEFD-7967-4F78-930C-098B03A4554B}.Debug|Any CPU.Build.0 = Debug|Any CPU
		{8308AEFD-7967-4F78-930C-098B03A4554B}.Release|Any CPU.ActiveCfg = Release|Any CPU
		{8308AEFD-7967-4F78-930C-098B03A4554B}.Release|Any CPU.Build.0 = Release|Any CPU
	EndGlobalSection
	GlobalSection(SolutionProperties) = preSolution
		HideSolutionNode = FALSE
	EndGlobalSection
	GlobalSection(ExtensibilityGlobals) = postSolution
		SolutionGuid = {D372D250-39AB-4B67-85A7-1BC8D611E2E0}
	EndGlobalSection
EndGlobal
